
Microsoft Visual Studio Solution File, Format Version 12.00
# Visual Studio Version 17
VisualStudioVersion = 17.1.32210.238
MinimumVisualStudioVersion = 10.0.40219.1
Project("{FAE04EC0-301F-11D3-BF4B-00C04F79EFBC}") = "Circularity", "Circularity.csproj", "{EA285408-EA56-4F0D-9EE5-06AF6C2E6882}"
EndProject
Global
	GlobalSection(SolutionConfigurationPlatforms) = preSolution
		Debug|Any CPU = Debug|Any CPU
		Release|Any CPU = Release|Any CPU
	EndGlobalSection
	GlobalSection(ProjectConfigurationPlatforms) = postSolution
		{EA285408-EA56-4F0D-9EE5-06AF6C2E6882}.Debug|Any CPU.ActiveCfg = Debug|Any CPU
		{EA285408-EA56-4F0D-9EE5-06AF6C2E6882}.Debug|Any CPU.Build.0 = Debug|Any CPU
		{EA285408-EA56-4F0D-9EE5-06AF6C2E6882}.Release|Any CPU.ActiveCfg = Release|Any CPU
		{EA285408-EA56-4F0D-9EE5-06AF6C2E6882}.Release|Any CPU.Build.0 = Release|Any CPU
	EndGlobalSection
	GlobalSection(SolutionProperties) = preSolution
		HideSolutionNode = FALSE
	EndGlobalSection
	GlobalSection(ExtensibilityGlobals) = postSolution
		SolutionGuid = {0A08F9EB-9954-4413-BF4E-05FD9BF96A2E}
	EndGlobalSection
EndGlobal
